
Microsoft Visual Studio Solution File, Format Version 10.00
# Visual Studio 2008
Project("{FAE04EC0-301F-11D3-BF4B-00C04F79EFBC}") = "ARMSim.Plugins.ButtonTimerPlugin", "ARMSim.Plugins.ButtonTimerPlugin.csproj", "{AD684F64-1146-4993-A35E-D1575B7761FD}"
EndProject
Global
	GlobalSection(SolutionConfigurationPlatforms) = preSolution
		Debug|Any CPU = Debug|Any CPU
		Release|Any CPU = Release|Any CPU
	EndGlobalSection
	GlobalSection(ProjectConfigurationPlatforms) = postSolution
		{AD684F64-1146-4993-A35E-D1575B7761FD}.Debug|Any CPU.ActiveCfg = Debug|Any CPU
		{AD684F64-1146-4993-A35E-D1575B7761FD}.Debug|Any CPU.Build.0 = Debug|Any CPU
		{AD684F64-1146-4993-A35E-D1575B7761FD}.Release|Any CPU.ActiveCfg = Release|Any CPU
		{AD684F64-1146-4993-A35E-D1575B7761FD}.Release|Any CPU.Build.0 = Release|Any CPU
	EndGlobalSection
	GlobalSection(SolutionProperties) = preSolution
		HideSolutionNode = FALSE
	EndGlobalSection
EndGlobal
